
Microsoft Visual Studio Solution File, Format Version 12.00
# Visual Studio Version 17
VisualStudioVersion = 17.4.33213.308
MinimumVisualStudioVersion = 10.0.40219.1
Project("{FAE04EC0-301F-11D3-BF4B-00C04F79EFBC}") = "Jokes_CRUD", "Jokes_CRUD\Jokes_CRUD.csproj", "{71486BA5-05F9-40D3-8CE9-E2D5440C445E}"
EndProject
Global
	GlobalSection(SolutionConfigurationPlatforms) = preSolution
		Debug|Any CPU = Debug|Any CPU
		Release|Any CPU = Release|Any CPU
	EndGlobalSection
	GlobalSection(ProjectConfigurationPlatforms) = postSolution
		{71486BA5-05F9-40D3-8CE9-E2D5440C445E}.Debug|Any CPU.ActiveCfg = Debug|Any CPU
		{71486BA5-05F9-40D3-8CE9-E2D5440C445E}.Debug|Any CPU.Build.0 = Debug|Any CPU
		{71486BA5-05F9-40D3-8CE9-E2D5440C445E}.Release|Any CPU.ActiveCfg = Release|Any CPU
		{71486BA5-05F9-40D3-8CE9-E2D5440C445E}.Release|Any CPU.Build.0 = Release|Any CPU
	EndGlobalSection
	GlobalSection(SolutionProperties) = preSolution
		HideSolutionNode = FALSE
	EndGlobalSection
	GlobalSection(ExtensibilityGlobals) = postSolution
		SolutionGuid = {D9364A9C-2D10-45DB-B785-2D6ED58D4063}
	EndGlobalSection
EndGlobal
